
Microsoft Visual Studio Solution File, Format Version 12.00
# Visual Studio Version 16
VisualStudioVersion = 16.0.29728.190
MinimumVisualStudioVersion = 10.0.40219.1
Project("{2150E333-8FDC-42A3-9474-1A3956D46DE8}") = "webApps", "webApps", "{40A3D070-B8D7-4148-A801-B930F72A115E}"
EndProject
Project("{2150E333-8FDC-42A3-9474-1A3956D46DE8}") = "Auth", "Auth", "{28C419CC-E578-4DB7-8FB3-FA7643081C59}"
EndProject
Project("{9A19103F-16F7-4668-BE54-9A1E7A4F7556}") = "WhereIsMyGame.API.Auth", "src\WhereIsMyGame.API.Auth\WhereIsMyGame.API.Auth.csproj", "{54E86633-E449-45A3-9E37-6164BB4C17E4}"
EndProject
Project("{9A19103F-16F7-4668-BE54-9A1E7A4F7556}") = "WhereIsMyGame.WebApp.MVC", "src\WhereIsMyGame.WebApp.MVC\WhereIsMyGame.WebApp.MVC.csproj", "{FA2E882B-9C41-4C28-BD22-503753F48440}"
EndProject
Project("{2150E333-8FDC-42A3-9474-1A3956D46DE8}") = "Collection", "Collection", "{C5BC3312-92F4-4134-B0ED-94F3BD5560BA}"
EndProject
Project("{FAE04EC0-301F-11D3-BF4B-00C04F79EFBC}") = "WhereIsMyGame.Collection.Application", "WhereIsMyGame.Collection.Application\WhereIsMyGame.Collection.Application.csproj", "{EA057B3D-91EE-4DA2-8E62-E1540E4F6F41}"
EndProject
Project("{FAE04EC0-301F-11D3-BF4B-00C04F79EFBC}") = "WhereIsMyGame.Collection.Data", "WhereIsMyGame.Collection.Data\WhereIsMyGame.Collection.Data.csproj", "{243B6666-E512-4EA9-AE06-311A83489A86}"
EndProject
Project("{FAE04EC0-301F-11D3-BF4B-00C04F79EFBC}") = "WhereIsMyGame.Collection.Domain", "WhereIsMyGame.Collection.Domain\WhereIsMyGame.Collection.Domain.csproj", "{8FAFF579-D942-443F-A117-891B68FB119D}"
EndProject
Project("{2150E333-8FDC-42A3-9474-1A3956D46DE8}") = "Core", "Core", "{DCA23C44-BBBA-4D02-903D-B6B7FA65C0D2}"
EndProject
Project("{FAE04EC0-301F-11D3-BF4B-00C04F79EFBC}") = "WhereIsMyGame.Core", "WhereIsMyGame.Core\WhereIsMyGame.Core.csproj", "{B62EE998-E3E9-4150-989B-743970D4B388}"
EndProject
Global
	GlobalSection(SolutionConfigurationPlatforms) = preSolution
		Debug|Any CPU = Debug|Any CPU
		Release|Any CPU = Release|Any CPU
	EndGlobalSection
	GlobalSection(ProjectConfigurationPlatforms) = postSolution
		{54E86633-E449-45A3-9E37-6164BB4C17E4}.Debug|Any CPU.ActiveCfg = Debug|Any CPU
		{54E86633-E449-45A3-9E37-6164BB4C17E4}.Debug|Any CPU.Build.0 = Debug|Any CPU
		{54E86633-E449-45A3-9E37-6164BB4C17E4}.Release|Any CPU.ActiveCfg = Release|Any CPU
		{54E86633-E449-45A3-9E37-6164BB4C17E4}.Release|Any CPU.Build.0 = Release|Any CPU
		{FA2E882B-9C41-4C28-BD22-503753F48440}.Debug|Any CPU.ActiveCfg = Debug|Any CPU
		{FA2E882B-9C41-4C28-BD22-503753F48440}.Debug|Any CPU.Build.0 = Debug|Any CPU
		{FA2E882B-9C41-4C28-BD22-503753F48440}.Release|Any CPU.ActiveCfg = Release|Any CPU
		{FA2E882B-9C41-4C28-BD22-503753F48440}.Release|Any CPU.Build.0 = Release|Any CPU
		{EA057B3D-91EE-4DA2-8E62-E1540E4F6F41}.Debug|Any CPU.ActiveCfg = Debug|Any CPU
		{EA057B3D-91EE-4DA2-8E62-E1540E4F6F41}.Debug|Any CPU.Build.0 = Debug|Any CPU
		{EA057B3D-91EE-4DA2-8E62-E1540E4F6F41}.Release|Any CPU.ActiveCfg = Release|Any CPU
		{EA057B3D-91EE-4DA2-8E62-E1540E4F6F41}.Release|Any CPU.Build.0 = Release|Any CPU
		{243B6666-E512-4EA9-AE06-311A83489A86}.Debug|Any CPU.ActiveCfg = Debug|Any CPU
		{243B6666-E512-4EA9-AE06-311A83489A86}.Debug|Any CPU.Build.0 = Debug|Any CPU
		{243B6666-E512-4EA9-AE06-311A83489A86}.Release|Any CPU.ActiveCfg = Release|Any CPU
		{243B6666-E512-4EA9-AE06-311A83489A86}.Release|Any CPU.Build.0 = Release|Any CPU
		{8FAFF579-D942-443F-A117-891B68FB119D}.Debug|Any CPU.ActiveCfg = Debug|Any CPU
		{8FAFF579-D942-443F-A117-891B68FB119D}.Debug|Any CPU.Build.0 = Debug|Any CPU
		{8FAFF579-D942-443F-A117-891B68FB119D}.Release|Any CPU.ActiveCfg = Release|Any CPU
		{8FAFF579-D942-443F-A117-891B68FB119D}.Release|Any CPU.Build.0 = Release|Any CPU
		{B62EE998-E3E9-4150-989B-743970D4B388}.Debug|Any CPU.ActiveCfg = Debug|Any CPU
		{B62EE998-E3E9-4150-989B-743970D4B388}.Debug|Any CPU.Build.0 = Debug|Any CPU
		{B62EE998-E3E9-4150-989B-743970D4B388}.Release|Any CPU.ActiveCfg = Release|Any CPU
		{B62EE998-E3E9-4150-989B-743970D4B388}.Release|Any CPU.Build.0 = Release|Any CPU
	EndGlobalSection
	GlobalSection(SolutionProperties) = preSolution
		HideSolutionNode = FALSE
	EndGlobalSection
	GlobalSection(NestedProjects) = preSolution
		{54E86633-E449-45A3-9E37-6164BB4C17E4} = {28C419CC-E578-4DB7-8FB3-FA7643081C59}
		{FA2E882B-9C41-4C28-BD22-503753F48440} = {40A3D070-B8D7-4148-A801-B930F72A115E}
		{EA057B3D-91EE-4DA2-8E62-E1540E4F6F41} = {C5BC3312-92F4-4134-B0ED-94F3BD5560BA}
		{243B6666-E512-4EA9-AE06-311A83489A86} = {C5BC3312-92F4-4134-B0ED-94F3BD5560BA}
		{8FAFF579-D942-443F-A117-891B68FB119D} = {C5BC3312-92F4-4134-B0ED-94F3BD5560BA}
		{B62EE998-E3E9-4150-989B-743970D4B388} = {DCA23C44-BBBA-4D02-903D-B6B7FA65C0D2}
	EndGlobalSection
	GlobalSection(ExtensibilityGlobals) = postSolution
		SolutionGuid = {FF538C1A-EE9E-4FD5-9F81-7233F5802570}
	EndGlobalSection
EndGlobal
